
Microsoft Visual Studio Solution File, Format Version 12.00
# Visual Studio Version 17
VisualStudioVersion = 17.7.34031.279
MinimumVisualStudioVersion = 10.0.40219.1
Project("{FAE04EC0-301F-11D3-BF4B-00C04F79EFBC}") = "CalendarCaller", "CalendarCaller.csproj", "{DB198EAA-2559-46CD-9DE8-4D1FD4C91013}"
EndProject
Global
	GlobalSection(SolutionConfigurationPlatforms) = preSolution
		Debug|Any CPU = Debug|Any CPU
		Release|Any CPU = Release|Any CPU
	EndGlobalSection
	GlobalSection(ProjectConfigurationPlatforms) = postSolution
		{DB198EAA-2559-46CD-9DE8-4D1FD4C91013}.Debug|Any CPU.ActiveCfg = Debug|Any CPU
		{DB198EAA-2559-46CD-9DE8-4D1FD4C91013}.Debug|Any CPU.Build.0 = Debug|Any CPU
		{DB198EAA-2559-46CD-9DE8-4D1FD4C91013}.Release|Any CPU.ActiveCfg = Release|Any CPU
		{DB198EAA-2559-46CD-9DE8-4D1FD4C91013}.Release|Any CPU.Build.0 = Release|Any CPU
	EndGlobalSection
	GlobalSection(SolutionProperties) = preSolution
		HideSolutionNode = FALSE
	EndGlobalSection
	GlobalSection(ExtensibilityGlobals) = postSolution
		SolutionGuid = {B3B2924A-FAD9-4EA7-AC4C-5E03DFD366D7}
	EndGlobalSection
EndGlobal
